Microsoft Visual Studio Solution File, Format Version 11.00
# Visual Studio 2008

Project("{169F118C-5F52-04D3-41B1-0D333C51B9E7}") = "Demo (Commented)", "Assembly-CSharp.csproj", "{D60DE4CC-89EF-40C9-A613-17F68F3C21CE}"
EndProject
Global
	GlobalSection(SolutionConfigurationPlatforms) = preSolution
		Debug|Any CPU = Debug|Any CPU
		Release|Any CPU = Release|Any CPU
	EndGlobalSection
	GlobalSection(ProjectConfigurationPlatforms) = postSolution
		{D60DE4CC-89EF-40C9-A613-17F68F3C21CE}.Debug|Any CPU.ActiveCfg = Debug|Any CPU
		{D60DE4CC-89EF-40C9-A613-17F68F3C21CE}.Debug|Any CPU.Build.0 = Debug|Any CPU
		{D60DE4CC-89EF-40C9-A613-17F68F3C21CE}.Release|Any CPU.ActiveCfg = Release|Any CPU
		{D60DE4CC-89EF-40C9-A613-17F68F3C21CE}.Release|Any CPU.Build.0 = Release|Any CPU
	EndGlobalSection
	GlobalSection(SolutionProperties) = preSolution
		HideSolutionNode = FALSE
	EndGlobalSection
	GlobalSection(MonoDevelopProperties) = preSolution
		StartupItem = Assembly-CSharp.csproj
	EndGlobalSection
EndGlobal
